// !$*UTF8*$!
{
	archiveVersion = 1;
	classes = {
	};
	objectVersion = 50;
	objects = {

/* Begin PBXBuildFile section */
		C76A2E3921C0E5CF0068A182 /* AppDelegate.m in Sources */ = {isa = PBXBuildFile; fileRef = C76A2E3821C0E5CF0068A182 /* AppDelegate.m */; };
		C76A2E3C21C0E5CF0068A182 /* ViewController.m in Sources */ = {isa = PBXBuildFile; fileRef = C76A2E3B21C0E5CF0068A182 /* ViewController.m */; };
		C76A2E3F21C0E5CF0068A182 /* Main.storyboard in Resources */ = {isa = PBXBuildFile; fileRef = C76A2E3D21C0E5CF0068A182 /* Main.storyboard */; };
		C76A2E4121C0E5D00068A182 /* Assets.xcassets in Resources */ = {isa = PBXBuildFile; fileRef = C76A2E4021C0E5D00068A182 /* Assets.xcassets */; };
		C76A2E4421C0E5D00068A182 /* LaunchScreen.storyboard in Resources */ = {isa = PBXBuildFile; fileRef = C76A2E4221C0E5D00068A182 /* LaunchScreen.storyboard */; };
		C76A2E4721C0E5D00068A182 /* main.m in Sources */ = {isa = PBXBuildFile; fileRef = C76A2E4621C0E5D00068A182 /* main.m */; };
		C76A2E5921C0E83D0068A182 /* AntiAnti.h in Headers */ = {isa = PBXBuildFile; fileRef = C76A2E5721C0E83D0068A182 /* AntiAnti.h */; settings = {ATTRIBUTES = (Public, ); }; };
		C76A2E5C21C0E83D0068A182 /* AntiAnti.framework in Frameworks */ = {isa = PBXBuildFile; fileRef = C76A2E5521C0E83D0068A182 /* AntiAnti.framework */; };
		C76A2E5D21C0E83D0068A182 /* AntiAnti.framework in Embed Frameworks */ = {isa = PBXBuildFile; fileRef = C76A2E5521C0E83D0068A182 /* AntiAnti.framework */; settings = {ATTRIBUTES = (CodeSignOnCopy, RemoveHeadersOnCopy, ); }; };
		C76A2E6821C0E9200068A182 /* KenAntiPtraceDebug.h in Headers */ = {isa = PBXBuildFile; fileRef = C76A2E6221C0E9200068A182 /* KenAntiPtraceDebug.h */; };
		C76A2E6921C0E9200068A182 /* KenAntiPtraceDebug.m in Sources */ = {isa = PBXBuildFile; fileRef = C76A2E6321C0E9200068A182 /* KenAntiPtraceDebug.m */; };
		C76A2E6A21C0E9200068A182 /* fishhook.c in Sources */ = {isa = PBXBuildFile; fileRef = C76A2E6521C0E9200068A182 /* fishhook.c */; };
		C76A2E6B21C0E9200068A182 /* MyPtrace.h in Headers */ = {isa = PBXBuildFile; fileRef = C76A2E6621C0E9200068A182 /* MyPtrace.h */; };
		C76A2E6C21C0E9200068A182 /* fishhook.h in Headers */ = {isa = PBXBuildFile; fileRef = C76A2E6721C0E9200068A182 /* fishhook.h */; };
		C76A2E6E21C0E9B30068A182 /* MyPtrace.h in Headers */ = {isa = PBXBuildFile; fileRef = C76A2E6D21C0E9B30068A182 /* MyPtrace.h */; };
/* End PBXBuildFile section */

/* Begin PBXContainerItemProxy section */
		C76A2E5A21C0E83D0068A182 /* PBXContainerItemProxy */ = {
			isa = PBXContainerItemProxy;
			containerPortal = C76A2E2C21C0E5CF0068A182 /* Project object */;
			proxyType = 1;
			remoteGlobalIDString = C76A2E5421C0E83D0068A182;
			remoteInfo = AntiAnti;
		};
/* End PBXContainerItemProxy section */

/* Begin PBXCopyFilesBuildPhase section */
		C76A2E6121C0E83D0068A182 /* Embed Frameworks */ = {
			isa = PBXCopyFilesBuildPhase;
			buildActionMask = 12;
			dstPath = "";
			dstSubfolderSpec = 10;
			files = (
				C76A2E5D21C0E83D0068A182 /* AntiAnti.framework in Embed Frameworks */,
			);
			name = "Embed Frameworks";
			runOnlyForDeploymentPostprocessing = 0;
		};
/* End PBXCopyFilesBuildPhase section */

/* Begin PBXFileReference section */
		C76A2E3421C0E5CF0068A182 /* FrameInject.app */ = {isa = PBXFileReference; explicitFileType = wrapper.application; includeInIndex = 0; path = FrameInject.app; sourceTree = BUILT_PRODUCTS_DIR; };
		C76A2E3721C0E5CF0068A182 /* AppDelegate.h */ = {isa = PBXFileReference; lastKnownFileType = sourcecode.c.h; path = AppDelegate.h; sourceTree = "<group>"; };
		C76A2E3821C0E5CF0068A182 /* AppDelegate.m */ = {isa = PBXFileReference; lastKnownFileType = sourcecode.c.objc; path = AppDelegate.m; sourceTree = "<group>"; };
		C76A2E3A21C0E5CF0068A182 /* ViewController.h */ = {isa = PBXFileReference; lastKnownFileType = sourcecode.c.h; path = ViewController.h; sourceTree = "<group>"; };
		C76A2E3B21C0E5CF0068A182 /* ViewController.m */ = {isa = PBXFileReference; lastKnownFileType = sourcecode.c.objc; path = ViewController.m; sourceTree = "<group>"; };
		C76A2E3E21C0E5CF0068A182 /* Base */ = {isa = PBXFileReference; lastKnownFileType = file.storyboard; name = Base; path = Base.lproj/Main.storyboard; sourceTree = "<group>"; };
		C76A2E4021C0E5D00068A182 /* Assets.xcassets */ = {isa = PBXFileReference; lastKnownFileType = folder.assetcatalog; path = Assets.xcassets; sourceTree = "<group>"; };
		C76A2E4321C0E5D00068A182 /* Base */ = {isa = PBXFileReference; lastKnownFileType = file.storyboard; name = Base; path = Base.lproj/LaunchScreen.storyboard; sourceTree = "<group>"; };
		C76A2E4521C0E5D00068A182 /* Info.plist */ = {isa = PBXFileReference; lastKnownFileType = text.plist.xml; path = Info.plist; sourceTree = "<group>"; };
		C76A2E4621C0E5D00068A182 /* main.m */ = {isa = PBXFileReference; lastKnownFileType = sourcecode.c.objc; path = main.m; sourceTree = "<group>"; };
		C76A2E5521C0E83D0068A182 /* AntiAnti.framework */ = {isa = PBXFileReference; explicitFileType = wrapper.framework; includeInIndex = 0; path = AntiAnti.framework; sourceTree = BUILT_PRODUCTS_DIR; };
		C76A2E5721C0E83D0068A182 /* AntiAnti.h */ = {isa = PBXFileReference; lastKnownFileType = sourcecode.c.h; path = AntiAnti.h; sourceTree = "<group>"; };
		C76A2E5821C0E83D0068A182 /* Info.plist */ = {isa = PBXFileReference; lastKnownFileType = text.plist.xml; path = Info.plist; sourceTree = "<group>"; };
		C76A2E6221C0E9200068A182 /* KenAntiPtraceDebug.h */ = {isa = PBXFileReference; fileEncoding = 4; lastKnownFileType = sourcecode.c.h; path = KenAntiPtraceDebug.h; sourceTree = "<group>"; };
		C76A2E6321C0E9200068A182 /* KenAntiPtraceDebug.m */ = {isa = PBXFileReference; fileEncoding = 4; lastKnownFileType = sourcecode.c.objc; path = KenAntiPtraceDebug.m; sourceTree = "<group>"; };
		C76A2E6521C0E9200068A182 /* fishhook.c */ = {isa = PBXFileReference; fileEncoding = 4; lastKnownFileType = sourcecode.c.c; path = fishhook.c; sourceTree = "<group>"; };
		C76A2E6621C0E9200068A182 /* MyPtrace.h */ = {isa = PBXFileReference; fileEncoding = 4; lastKnownFileType = sourcecode.c.h; path = MyPtrace.h; sourceTree = "<group>"; };
		C76A2E6721C0E9200068A182 /* fishhook.h */ = {isa = PBXFileReference; fileEncoding = 4; lastKnownFileType = sourcecode.c.h; path = fishhook.h; sourceTree = "<group>"; };
		C76A2E6D21C0E9B30068A182 /* MyPtrace.h */ = {isa = PBXFileReference; fileEncoding = 4; lastKnownFileType = sourcecode.c.h; path = MyPtrace.h; sourceTree = "<group>"; };
		C7FA0E5621C0ED7E005A0A5E /* AppResign.sh */ = {isa = PBXFileReference; fileEncoding = 4; lastKnownFileType = text.script.sh; path = AppResign.sh; sourceTree = SOURCE_ROOT; };
/* End PBXFileReference section */

/* Begin PBXFrameworksBuildPhase section */
		C76A2E3121C0E5CF0068A182 /* Frameworks */ = {
			isa = PBXFrameworksBuildPhase;
			buildActionMask = 2147483647;
			files = (
				C76A2E5C21C0E83D0068A182 /* AntiAnti.framework in Frameworks */,
			);
			runOnlyForDeploymentPostprocessing = 0;
		};
		C76A2E5221C0E83D0068A182 /* Frameworks */ = {
			isa = PBXFrameworksBuildPhase;
			buildActionMask = 2147483647;
			files = (
			);
			runOnlyForDeploymentPostprocessing = 0;
		};
/* End PBXFrameworksBuildPhase section */

/* Begin PBXGroup section */
		C76A2E2B21C0E5CF0068A182 = {
			isa = PBXGroup;
			children = (
				C76A2E3621C0E5CF0068A182 /* FrameInject */,
				C76A2E5621C0E83D0068A182 /* AntiAnti */,
				C76A2E3521C0E5CF0068A182 /* Products */,
			);
			sourceTree = "<group>";
		};
		C76A2E3521C0E5CF0068A182 /* Products */ = {
			isa = PBXGroup;
			children = (
				C76A2E3421C0E5CF0068A182 /* FrameInject.app */,
				C76A2E5521C0E83D0068A182 /* AntiAnti.framework */,
			);
			name = Products;
			sourceTree = "<group>";
		};
		C76A2E3621C0E5CF0068A182 /* FrameInject */ = {
			isa = PBXGroup;
			children = (
				C7FA0E5621C0ED7E005A0A5E /* AppResign.sh */,
				C76A2E3721C0E5CF0068A182 /* AppDelegate.h */,
				C76A2E3821C0E5CF0068A182 /* AppDelegate.m */,
				C76A2E3A21C0E5CF0068A182 /* ViewController.h */,
				C76A2E3B21C0E5CF0068A182 /* ViewController.m */,
				C76A2E3D21C0E5CF0068A182 /* Main.storyboard */,
				C76A2E4021C0E5D00068A182 /* Assets.xcassets */,
				C76A2E4221C0E5D00068A182 /* LaunchScreen.storyboard */,
				C76A2E4521C0E5D00068A182 /* Info.plist */,
				C76A2E4621C0E5D00068A182 /* main.m */,
			);
			path = FrameInject;
			sourceTree = "<group>";
		};
		C76A2E5621C0E83D0068A182 /* AntiAnti */ = {
			isa = PBXGroup;
			children = (
				C76A2E6421C0E9200068A182 /* fishhook */,
				C76A2E6D21C0E9B30068A182 /* MyPtrace.h */,
				C76A2E6221C0E9200068A182 /* KenAntiPtraceDebug.h */,
				C76A2E6321C0E9200068A182 /* KenAntiPtraceDebug.m */,
				C76A2E5721C0E83D0068A182 /* AntiAnti.h */,
				C76A2E5821C0E83D0068A182 /* Info.plist */,
			);
			path = AntiAnti;
			sourceTree = "<group>";
		};
		C76A2E6421C0E9200068A182 /* fishhook */ = {
			isa = PBXGroup;
			children = (
				C76A2E6521C0E9200068A182 /* fishhook.c */,
				C76A2E6621C0E9200068A182 /* MyPtrace.h */,
				C76A2E6721C0E9200068A182 /* fishhook.h */,
			);
			path = fishhook;
			sourceTree = "<group>";
		};
/* End PBXGroup section */

/* Begin PBXHeadersBuildPhase section */
		C76A2E5021C0E83D0068A182 /* Headers */ = {
			isa = PBXHeadersBuildPhase;
			buildActionMask = 2147483647;
			files = (
				C76A2E6821C0E9200068A182 /* KenAntiPtraceDebug.h in Headers */,
				C76A2E6B21C0E9200068A182 /* MyPtrace.h in Headers */,
				C76A2E5921C0E83D0068A182 /* AntiAnti.h in Headers */,
				C76A2E6C21C0E9200068A182 /* fishhook.h in Headers */,
				C76A2E6E21C0E9B30068A182 /* MyPtrace.h in Headers */,
			);
			runOnlyForDeploymentPostprocessing = 0;
		};
/* End PBXHeadersBuildPhase section */

/* Begin PBXNativeTarget section */
		C76A2E3321C0E5CF0068A182 /* FrameInject */ = {
			isa = PBXNativeTarget;
			buildConfigurationList = C76A2E4A21C0E5D00068A182 /* Build configuration list for PBXNativeTarget "FrameInject" */;
			buildPhases = (
				C76A2E3021C0E5CF0068A182 /* Sources */,
				C76A2E3121C0E5CF0068A182 /* Frameworks */,
				C76A2E3221C0E5CF0068A182 /* Resources */,
				C76A2E4F21C0E7A90068A182 /* ShellScript */,
				C76A2E6121C0E83D0068A182 /* Embed Frameworks */,
			);
			buildRules = (
			);
			dependencies = (
				C76A2E5B21C0E83D0068A182 /* PBXTargetDependency */,
			);
			name = FrameInject;
			productName = FrameInject;
			productReference = C76A2E3421C0E5CF0068A182 /* FrameInject.app */;
			productType = "com.apple.product-type.application";
		};
		C76A2E5421C0E83D0068A182 /* AntiAnti */ = {
			isa = PBXNativeTarget;
			buildConfigurationList = C76A2E5E21C0E83D0068A182 /* Build configuration list for PBXNativeTarget "AntiAnti" */;
			buildPhases = (
				C76A2E5021C0E83D0068A182 /* Headers */,
				C76A2E5121C0E83D0068A182 /* Sources */,
				C76A2E5221C0E83D0068A182 /* Frameworks */,
				C76A2E5321C0E83D0068A182 /* Resources */,
			);
			buildRules = (
			);
			dependencies = (
			);
			name = AntiAnti;
			productName = AntiAnti;
			productReference = C76A2E5521C0E83D0068A182 /* AntiAnti.framework */;
			productType = "com.apple.product-type.framework";
		};
/* End PBXNativeTarget section */

/* Begin PBXProject section */
		C76A2E2C21C0E5CF0068A182 /* Project object */ = {
			isa = PBXProject;
			attributes = {
				LastUpgradeCheck = 1010;
				ORGANIZATIONNAME = kinkenyuen;
				TargetAttributes = {
					C76A2E3321C0E5CF0068A182 = {
						CreatedOnToolsVersion = 10.1;
					};
					C76A2E5421C0E83D0068A182 = {
						CreatedOnToolsVersion = 10.1;
					};
				};
			};
			buildConfigurationList = C76A2E2F21C0E5CF0068A182 /* Build configuration list for PBXProject "FrameInject" */;
			compatibilityVersion = "Xcode 9.3";
			developmentRegion = en;
			hasScannedForEncodings = 0;
			knownRegions = (
				en,
				Base,
			);
			mainGroup = C76A2E2B21C0E5CF0068A182;
			productRefGroup = C76A2E3521C0E5CF0068A182 /* Products */;
			projectDirPath = "";
			projectRoot = "";
			targets = (
				C76A2E3321C0E5CF0068A182 /* FrameInject */,
				C76A2E5421C0E83D0068A182 /* AntiAnti */,
			);
		};
/* End PBXProject section */

/* Begin PBXResourcesBuildPhase section */
		C76A2E3221C0E5CF0068A182 /* Resources */ = {
			isa = PBXResourcesBuildPhase;
			buildActionMask = 2147483647;
			files = (
				C76A2E4421C0E5D00068A182 /* LaunchScreen.storyboard in Resources */,
				C76A2E4121C0E5D00068A182 /* Assets.xcassets in Resources */,
				C76A2E3F21C0E5CF0068A182 /* Main.storyboard in Resources */,
			);
			runOnlyForDeploymentPostprocessing = 0;
		};
		C76A2E5321C0E83D0068A182 /* Resources */ = {
			isa = PBXResourcesBuildPhase;
			buildActionMask = 2147483647;
			files = (
			);
			runOnlyForDeploymentPostprocessing = 0;
		};
/* End PBXResourcesBuildPhase section */

/* Begin PBXShellScriptBuildPhase section */
		C76A2E4F21C0E7A90068A182 /* ShellScript */ = {
			isa = PBXShellScriptBuildPhase;
			buildActionMask = 12;
			files = (
			);
			inputFileListPaths = (
			);
			inputPaths = (
			);
			outputFileListPaths = (
			);
			outputPaths = (
			);
			runOnlyForDeploymentPostprocessing = 0;
			shellPath = /bin/sh;
			shellScript = "${SRCROOT}/AppResign.sh\n\n";
		};
/* End PBXShellScriptBuildPhase section */

/* Begin PBXSourcesBuildPhase section */
		C76A2E3021C0E5CF0068A182 /* Sources */ = {
			isa = PBXSourcesBuildPhase;
			buildActionMask = 2147483647;
			files = (
				C76A2E3C21C0E5CF0068A182 /* ViewController.m in Sources */,
				C76A2E4721C0E5D00068A182 /* main.m in Sources */,
				C76A2E3921C0E5CF0068A182 /* AppDelegate.m in Sources */,
			);
			runOnlyForDeploymentPostprocessing = 0;
		};
		C76A2E5121C0E83D0068A182 /* Sources */ = {
			isa = PBXSourcesBuildPhase;
			buildActionMask = 2147483647;
			files = (
				C76A2E6A21C0E9200068A182 /* fishhook.c in Sources */,
				C76A2E6921C0E9200068A182 /* KenAntiPtraceDebug.m in Sources */,
			);
			runOnlyForDeploymentPostprocessing = 0;
		};
/* End PBXSourcesBuildPhase section */

/* Begin PBXTargetDependency section */
		C76A2E5B21C0E83D0068A182 /* PBXTargetDependency */ = {
			isa = PBXTargetDependency;
			target = C76A2E5421C0E83D0068A182 /* AntiAnti */;
			targetProxy = C76A2E5A21C0E83D0068A182 /* PBXContainerItemProxy */;
		};
/* End PBXTargetDependency section */

/* Begin PBXVariantGroup section */
		C76A2E3D21C0E5CF0068A182 /* Main.storyboard */ = {
			isa = PBXVariantGroup;
			children = (
				C76A2E3E21C0E5CF0068A182 /* Base */,
			);
			name = Main.storyboard;
			sourceTree = "<group>";
		};
		C76A2E4221C0E5D00068A182 /* LaunchScreen.storyboard */ = {
			isa = PBXVariantGroup;
			children = (
				C76A2E4321C0E5D00068A182 /* Base */,
			);
			name = LaunchScreen.storyboard;
			sourceTree = "<group>";
		};
/* End PBXVariantGroup section */

/* Begin XCBuildConfiguration section */
		C76A2E4821C0E5D00068A182 /* Debug */ = {
			isa = XCBuildConfiguration;
			buildSettings = {
				ALWAYS_SEARCH_USER_PATHS = NO;
				CLANG_ANALYZER_NONNULL = YES;
				CLANG_ANALYZER_NUMBER_OBJECT_CONVERSION = YES_AGGRESSIVE;
				CLANG_CXX_LANGUAGE_STANDARD = "gnu++14";
				CLANG_CXX_LIBRARY = "libc++";
				CLANG_ENABLE_MODULES = YES;
				CLANG_ENABLE_OBJC_ARC = YES;
				CLANG_ENABLE_OBJC_WEAK = YES;
				CLANG_WARN_BLOCK_CAPTURE_AUTORELEASING = YES;
				CLANG_WARN_BOOL_CONVERSION = YES;
				CLANG_WARN_COMMA = YES;
				CLANG_WARN_CONSTANT_CONVERSION = YES;
				CLANG_WARN_DEPRECATED_OBJC_IMPLEMENTATIONS = YES;
				CLANG_WARN_DIRECT_OBJC_ISA_USAGE = YES_ERROR;
				CLANG_WARN_DOCUMENTATION_COMMENTS = YES;
				CLANG_WARN_EMPTY_BODY = YES;
				CLANG_WARN_ENUM_CONVERSION = YES;
				CLANG_WARN_INFINITE_RECURSION = YES;
				CLANG_WARN_INT_CONVERSION = YES;
				CLANG_WARN_NON_LITERAL_NULL_CONVERSION = YES;
				CLANG_WARN_OBJC_IMPLICIT_RETAIN_SELF = YES;
				CLANG_WARN_OBJC_LITERAL_CONVERSION = YES;
				CLANG_WARN_OBJC_ROOT_CLASS = YES_ERROR;
				CLANG_WARN_RANGE_LOOP_ANALYSIS = YES;
				CLANG_WARN_STRICT_PROTOTYPES = YES;
				CLANG_WARN_SUSPICIOUS_MOVE = YES;
				CLANG_WARN_UNGUARDED_AVAILABILITY = YES_AGGRESSIVE;
				CLANG_WARN_UNREACHABLE_CODE = YES;
				CLANG_WARN__DUPLICATE_METHOD_MATCH = YES;
				CODE_SIGN_IDENTITY = "iPhone Developer";
				COPY_PHASE_STRIP = NO;
				DEBUG_INFORMATION_FORMAT = dwarf;
				ENABLE_STRICT_OBJC_MSGSEND = YES;
				ENABLE_TESTABILITY = YES;
				GCC_C_LANGUAGE_STANDARD = gnu11;
				GCC_DYNAMIC_NO_PIC = NO;
				GCC_NO_COMMON_BLOCKS = YES;
				GCC_OPTIMIZATION_LEVEL = 0;
				GCC_PREPROCESSOR_DEFINITIONS = (
					"DEBUG=1",
					"$(inherited)",
				);
				GCC_WARN_64_TO_32_BIT_CONVERSION = YES;
				GCC_WARN_ABOUT_RETURN_TYPE = YES_ERROR;
				GCC_WARN_UNDECLARED_SELECTOR = YES;
				GCC_WARN_UNINITIALIZED_AUTOS = YES_AGGRESSIVE;
				GCC_WARN_UNUSED_FUNCTION = YES;
				GCC_WARN_UNUSED_VARIABLE = YES;
				IPHONEOS_DEPLOYMENT_TARGET = 12.1;
				MTL_ENABLE_DEBUG_INFO = INCLUDE_SOURCE;
				MTL_FAST_MATH = YES;
				ONLY_ACTIVE_ARCH = YES;
				SDKROOT = iphoneos;
			};
			name = Debug;
		};
		C76A2E4921C0E5D00068A182 /* Release */ = {
			isa = XCBuildConfiguration;
			buildSettings = {
				ALWAYS_SEARCH_USER_PATHS = NO;
				CLANG_ANALYZER_NONNULL = YES;
				CLANG_ANALYZER_NUMBER_OBJECT_CONVERSION = YES_AGGRESSIVE;
				CLANG_CXX_LANGUAGE_STANDARD = "gnu++14";
				CLANG_CXX_LIBRARY = "libc++";
				CLANG_ENABLE_MODULES = YES;
				CLANG_ENABLE_OBJC_ARC = YES;
				CLANG_ENABLE_OBJC_WEAK = YES;
				CLANG_WARN_BLOCK_CAPTURE_AUTORELEASING = YES;
				CLANG_WARN_BOOL_CONVERSION = YES;
				CLANG_WARN_COMMA = YES;
				CLANG_WARN_CONSTANT_CONVERSION = YES;
				CLANG_WARN_DEPRECATED_OBJC_IMPLEMENTATIONS = YES;
				CLANG_WARN_DIRECT_OBJC_ISA_USAGE = YES_ERROR;
				CLANG_WARN_DOCUMENTATION_COMMENTS = YES;
				CLANG_WARN_EMPTY_BODY = YES;
				CLANG_WARN_ENUM_CONVERSION = YES;
				CLANG_WARN_INFINITE_RECURSION = YES;
				CLANG_WARN_INT_CONVERSION = YES;
				CLANG_WARN_NON_LITERAL_NULL_CONVERSION = YES;
				CLANG_WARN_OBJC_IMPLICIT_RETAIN_SELF = YES;
				CLANG_WARN_OBJC_LITERAL_CONVERSION = YES;
				CLANG_WARN_OBJC_ROOT_CLASS = YES_ERROR;
				CLANG_WARN_RANGE_LOOP_ANALYSIS = YES;
				CLANG_WARN_STRICT_PROTOTYPES = YES;
				CLANG_WARN_SUSPICIOUS_MOVE = YES;
				CLANG_WARN_UNGUARDED_AVAILABILITY = YES_AGGRESSIVE;
				CLANG_WARN_UNREACHABLE_CODE = YES;
				CLANG_WARN__DUPLICATE_METHOD_MATCH = YES;
				CODE_SIGN_IDENTITY = "iPhone Developer";
				COPY_PHASE_STRIP = NO;
				DEBUG_INFORMATION_FORMAT = "dwarf-with-dsym";
				ENABLE_NS_ASSERTIONS = NO;
				ENABLE_STRICT_OBJC_MSGSEND = YES;
				GCC_C_LANGUAGE_STANDARD = gnu11;
				GCC_NO_COMMON_BLOCKS = YES;
				GCC_WARN_64_TO_32_BIT_CONVERSION = YES;
				GCC_WARN_ABOUT_RETURN_TYPE = YES_ERROR;
				GCC_WARN_UNDECLARED_SELECTOR = YES;
				GCC_WARN_UNINITIALIZED_AUTOS = YES_AGGRESSIVE;
				GCC_WARN_UNUSED_FUNCTION = YES;
				GCC_WARN_UNUSED_VARIABLE = YES;
				IPHONEOS_DEPLOYMENT_TARGET = 12.1;
				MTL_ENABLE_DEBUG_INFO = NO;
				MTL_FAST_MATH = YES;
				SDKROOT = iphoneos;
				VALIDATE_PRODUCT = YES;
			};
			name = Release;
		};
		C76A2E4B21C0E5D00068A182 /* Debug */ = {
			isa = XCBuildConfiguration;
			buildSettings = {
				ASSETCATALOG_COMPILER_APPICON_NAME = AppIcon;
				CODE_SIGN_STYLE = Automatic;
				DEVELOPMENT_TEAM = 73CD6LSN38;
				INFOPLIST_FILE = FrameInject/Info.plist;
				IPHONEOS_DEPLOYMENT_TARGET = 10.0;
				LD_RUNPATH_SEARCH_PATHS = (
					"$(inherited)",
					"@executable_path/Frameworks",
				);
				PRODUCT_BUNDLE_IDENTIFIER = com.kinkenyuen.FrameInject;
				PRODUCT_NAME = "$(TARGET_NAME)";
				TARGETED_DEVICE_FAMILY = "1,2";
			};
			name = Debug;
		};
		C76A2E4C21C0E5D00068A182 /* Release */ = {
			isa = XCBuildConfiguration;
			buildSettings = {
				ASSETCATALOG_COMPILER_APPICON_NAME = AppIcon;
				CODE_SIGN_STYLE = Automatic;
				DEVELOPMENT_TEAM = 73CD6LSN38;
				INFOPLIST_FILE = FrameInject/Info.plist;
				IPHONEOS_DEPLOYMENT_TARGET = 10.0;
				LD_RUNPATH_SEARCH_PATHS = (
					"$(inherited)",
					"@executable_path/Frameworks",
				);
				PRODUCT_BUNDLE_IDENTIFIER = com.kinkenyuen.FrameInject;
				PRODUCT_NAME = "$(TARGET_NAME)";
				TARGETED_DEVICE_FAMILY = "1,2";
			};
			name = Release;
		};
		C76A2E5F21C0E83D0068A182 /* Debug */ = {
			isa = XCBuildConfiguration;
			buildSettings = {
				CODE_SIGN_IDENTITY = "";
				CODE_SIGN_STYLE = Automatic;
				CURRENT_PROJECT_VERSION = 1;
				DEFINES_MODULE = YES;
				DEVELOPMENT_TEAM = 73CD6LSN38;
				DYLIB_COMPATIBILITY_VERSION = 1;
				DYLIB_CURRENT_VERSION = 1;
				DYLIB_INSTALL_NAME_BASE = "@rpath";
				INFOPLIST_FILE = AntiAnti/Info.plist;
				INSTALL_PATH = "$(LOCAL_LIBRARY_DIR)/Frameworks";
				IPHONEOS_DEPLOYMENT_TARGET = 10.0;
				LD_RUNPATH_SEARCH_PATHS = (
					"$(inherited)",
					"@executable_path/Frameworks",
					"@loader_path/Frameworks",
				);
				PRODUCT_BUNDLE_IDENTIFIER = com.kinkenyuen.AntiAnti;
				PRODUCT_NAME = "$(TARGET_NAME:c99extidentifier)";
				SKIP_INSTALL = YES;
				TARGETED_DEVICE_FAMILY = "1,2";
				VERSIONING_SYSTEM = "apple-generic";
				VERSION_INFO_PREFIX = "";
			};
			name = Debug;
		};
		C76A2E6021C0E83D0068A182 /* Release */ = {
			isa = XCBuildConfiguration;
			buildSettings = {
				CODE_SIGN_IDENTITY = "";
				CODE_SIGN_STYLE = Automatic;
				CURRENT_PROJECT_VERSION = 1;
				DEFINES_MODULE = YES;
				DEVELOPMENT_TEAM = 73CD6LSN38;
				DYLIB_COMPATIBILITY_VERSION = 1;
				DYLIB_CURRENT_VERSION = 1;
				DYLIB_INSTALL_NAME_BASE = "@rpath";
				INFOPLIST_FILE = AntiAnti/Info.plist;
				INSTALL_PATH = "$(LOCAL_LIBRARY_DIR)/Frameworks";
				IPHONEOS_DEPLOYMENT_TARGET = 10.0;
				LD_RUNPATH_SEARCH_PATHS = (
					"$(inherited)",
					"@executable_path/Frameworks",
					"@loader_path/Frameworks",
				);
				PRODUCT_BUNDLE_IDENTIFIER = com.kinkenyuen.AntiAnti;
				PRODUCT_NAME = "$(TARGET_NAME:c99extidentifier)";
				SKIP_INSTALL = YES;
				TARGETED_DEVICE_FAMILY = "1,2";
				VERSIONING_SYSTEM = "apple-generic";
				VERSION_INFO_PREFIX = "";
			};
			name = Release;
		};
/* End XCBuildConfiguration section */

/* Begin XCConfigurationList section */
		C76A2E2F21C0E5CF0068A182 /* Build configuration list for PBXProject "FrameInject" */ = {
			isa = XCConfigurationList;
			buildConfigurations = (
				C76A2E4821C0E5D00068A182 /* Debug */,
				C76A2E4921C0E5D00068A182 /* Release */,
			);
			defaultConfigurationIsVisible = 0;
			defaultConfigurationName = Release;
		};
		C76A2E4A21C0E5D00068A182 /* Build configuration list for PBXNativeTarget "FrameInject" */ = {
			isa = XCConfigurationList;
			buildConfigurations = (
				C76A2E4B21C0E5D00068A182 /* Debug */,
				C76A2E4C21C0E5D00068A182 /* Release */,
			);
			defaultConfigurationIsVisible = 0;
			defaultConfigurationName = Release;
		};
		C76A2E5E21C0E83D0068A182 /* Build configuration list for PBXNativeTarget "AntiAnti" */ = {
			isa = XCConfigurationList;
			buildConfigurations = (
				C76A2E5F21C0E83D0068A182 /* Debug */,
				C76A2E6021C0E83D0068A182 /* Release */,
			);
			defaultConfigurationIsVisible = 0;
			defaultConfigurationName = Release;
		};
/* End XCConfigurationList section */
	};
	rootObject = C76A2E2C21C0E5CF0068A182 /* Project object */;
}
